// !$*UTF8*$!
{
	archiveVersion = 1;
	classes = {
	};
	objectVersion = 56;
	objects = {

/* Begin PBXBuildFile section */
		A1E3EAE72BD63A68001CC21A /* myShelfApp.swift in Sources */ = {isa = PBXBuildFile; fileRef = A1E3EAE62BD63A68001CC21A /* myShelfApp.swift */; };
		A1E3EAE92BD63A68001CC21A /* ContentView.swift in Sources */ = {isa = PBXBuildFile; fileRef = A1E3EAE82BD63A68001CC21A /* ContentView.swift */; };
		A1E3EAEB2BD63A6A001CC21A /* Assets.xcassets in Resources */ = {isa = PBXBuildFile; fileRef = A1E3EAEA2BD63A6A001CC21A /* Assets.xcassets */; };
		A1E3EAEE2BD63A6A001CC21A /* Preview Assets.xcassets in Resources */ = {isa = PBXBuildFile; fileRef = A1E3EAED2BD63A6A001CC21A /* Preview Assets.xcassets */; };
		A1E3EAF72BD63BA2001CC21A /* FirebaseAuth in Frameworks */ = {isa = PBXBuildFile; productRef = A1E3EAF62BD63BA2001CC21A /* FirebaseAuth */; };
		A1E3EAF92BD63BA2001CC21A /* FirebaseDatabase in Frameworks */ = {isa = PBXBuildFile; productRef = A1E3EAF82BD63BA2001CC21A /* FirebaseDatabase */; };
		A1E3EAFB2BD63BA2001CC21A /* FirebaseFirestore in Frameworks */ = {isa = PBXBuildFile; productRef = A1E3EAFA2BD63BA2001CC21A /* FirebaseFirestore */; };
		A1E3EAFD2BD63BA2001CC21A /* FirebaseFirestoreSwift in Frameworks */ = {isa = PBXBuildFile; productRef = A1E3EAFC2BD63BA2001CC21A /* FirebaseFirestoreSwift */; };
		A1E3EAFF2BD63BA2001CC21A /* FirebaseStorage in Frameworks */ = {isa = PBXBuildFile; productRef = A1E3EAFE2BD63BA2001CC21A /* FirebaseStorage */; };
		A1E3EB072BD63BC9001CC21A /* AuthViewModel.swift in Sources */ = {isa = PBXBuildFile; fileRef = A1E3EB002BD63BC9001CC21A /* AuthViewModel.swift */; };
		A1E3EB082BD63BC9001CC21A /* InputView.swift in Sources */ = {isa = PBXBuildFile; fileRef = A1E3EB012BD63BC9001CC21A /* InputView.swift */; };
		A1E3EB092BD63BC9001CC21A /* LoginView.swift in Sources */ = {isa = PBXBuildFile; fileRef = A1E3EB022BD63BC9001CC21A /* LoginView.swift */; };
		A1E3EB0A2BD63BC9001CC21A /* ProfileView.swift in Sources */ = {isa = PBXBuildFile; fileRef = A1E3EB032BD63BC9001CC21A /* ProfileView.swift */; };
		A1E3EB0B2BD63BC9001CC21A /* RegistrationView.swift in Sources */ = {isa = PBXBuildFile; fileRef = A1E3EB042BD63BC9001CC21A /* RegistrationView.swift */; };
		A1E3EB0C2BD63BC9001CC21A /* SettingsRowView.swift in Sources */ = {isa = PBXBuildFile; fileRef = A1E3EB052BD63BC9001CC21A /* SettingsRowView.swift */; };
		A1E3EB0E2BD63CF2001CC21A /* GoogleService-Info.plist in Resources */ = {isa = PBXBuildFile; fileRef = A1E3EB0D2BD63CF2001CC21A /* GoogleService-Info.plist */; };
/* End PBXBuildFile section */

/* Begin PBXFileReference section */
		A1E3EAE32BD63A68001CC21A /* myShelf.app */ = {isa = PBXFileReference; explicitFileType = wrapper.application; includeInIndex = 0; path = myShelf.app; sourceTree = BUILT_PRODUCTS_DIR; };
		A1E3EAE62BD63A68001CC21A /* myShelfApp.swift */ = {isa = PBXFileReference; lastKnownFileType = sourcecode.swift; path = myShelfApp.swift; sourceTree = "<group>"; };
		A1E3EAE82BD63A68001CC21A /* ContentView.swift */ = {isa = PBXFileReference; lastKnownFileType = sourcecode.swift; path = ContentView.swift; sourceTree = "<group>"; };
		A1E3EAEA2BD63A6A001CC21A /* Assets.xcassets */ = {isa = PBXFileReference; lastKnownFileType = folder.assetcatalog; path = Assets.xcassets; sourceTree = "<group>"; };
		A1E3EAED2BD63A6A001CC21A /* Preview Assets.xcassets */ = {isa = PBXFileReference; lastKnownFileType = folder.assetcatalog; path = "Preview Assets.xcassets"; sourceTree = "<group>"; };
		A1E3EB002BD63BC9001CC21A /* AuthViewModel.swift */ = {isa = PBXFileReference; fileEncoding = 4; lastKnownFileType = sourcecode.swift; path = AuthViewModel.swift; sourceTree = "<group>"; };
		A1E3EB012BD63BC9001CC21A /* InputView.swift */ = {isa = PBXFileReference; fileEncoding = 4; lastKnownFileType = sourcecode.swift; path = InputView.swift; sourceTree = "<group>"; };
		A1E3EB022BD63BC9001CC21A /* LoginView.swift */ = {isa = PBXFileReference; fileEncoding = 4; lastKnownFileType = sourcecode.swift; path = LoginView.swift; sourceTree = "<group>"; };
		A1E3EB032BD63BC9001CC21A /* ProfileView.swift */ = {isa = PBXFileReference; fileEncoding = 4; lastKnownFileType = sourcecode.swift; path = ProfileView.swift; sourceTree = "<group>"; };
		A1E3EB042BD63BC9001CC21A /* RegistrationView.swift */ = {isa = PBXFileReference; fileEncoding = 4; lastKnownFileType = sourcecode.swift; path = RegistrationView.swift; sourceTree = "<group>"; };
		A1E3EB052BD63BC9001CC21A /* SettingsRowView.swift */ = {isa = PBXFileReference; fileEncoding = 4; lastKnownFileType = sourcecode.swift; path = SettingsRowView.swift; sourceTree = "<group>"; };
		A1E3EB0D2BD63CF2001CC21A /* GoogleService-Info.plist */ = {isa = PBXFileReference; fileEncoding = 4; lastKnownFileType = text.plist.xml; path = "GoogleService-Info.plist"; sourceTree = "<group>"; };
/* End PBXFileReference section */

/* Begin PBXFrameworksBuildPhase section */
		A1E3EAE02BD63A68001CC21A /* Frameworks */ = {
			isa = PBXFrameworksBuildPhase;
			buildActionMask = 2147483647;
			files = (
				A1E3EAF92BD63BA2001CC21A /* FirebaseDatabase in Frameworks */,
				A1E3EAF72BD63BA2001CC21A /* FirebaseAuth in Frameworks */,
				A1E3EAFB2BD63BA2001CC21A /* FirebaseFirestore in Frameworks */,
				A1E3EAFF2BD63BA2001CC21A /* FirebaseStorage in Frameworks */,
				A1E3EAFD2BD63BA2001CC21A /* FirebaseFirestoreSwift in Frameworks */,
			);
			runOnlyForDeploymentPostprocessing = 0;
		};
/* End PBXFrameworksBuildPhase section */

/* Begin PBXGroup section */
		A1E3EADA2BD63A68001CC21A = {
			isa = PBXGroup;
			children = (
				A1E3EAE52BD63A68001CC21A /* myShelf */,
				A1E3EAE42BD63A68001CC21A /* Products */,
			);
			sourceTree = "<group>";
		};
		A1E3EAE42BD63A68001CC21A /* Products */ = {
			isa = PBXGroup;
			children = (
				A1E3EAE32BD63A68001CC21A /* myShelf.app */,
			);
			name = Products;
			sourceTree = "<group>";
		};
		A1E3EAE52BD63A68001CC21A /* myShelf */ = {
			isa = PBXGroup;
			children = (
				A1E3EB062BD63BC9001CC21A /* Firebase */,
				A1E3EAF42BD63A71001CC21A /* App */,
				A1E3EAE82BD63A68001CC21A /* ContentView.swift */,
				A1E3EAEA2BD63A6A001CC21A /* Assets.xcassets */,
				A1E3EB0D2BD63CF2001CC21A /* GoogleService-Info.plist */,
				A1E3EAEC2BD63A6A001CC21A /* Preview Content */,
			);
			path = myShelf;
			sourceTree = "<group>";
		};
		A1E3EAEC2BD63A6A001CC21A /* Preview Content */ = {
			isa = PBXGroup;
			children = (
				A1E3EAED2BD63A6A001CC21A /* Preview Assets.xcassets */,
			);
			path = "Preview Content";
			sourceTree = "<group>";
		};
		A1E3EAF42BD63A71001CC21A /* App */ = {
			isa = PBXGroup;
			children = (
				A1E3EAE62BD63A68001CC21A /* myShelfApp.swift */,
			);
			path = App;
			sourceTree = "<group>";
		};
		A1E3EB062BD63BC9001CC21A /* Firebase */ = {
			isa = PBXGroup;
			children = (
				A1E3EB112BD63D6F001CC21A /* Helper */,
				A1E3EB102BD63D66001CC21A /* Model */,
				A1E3EB0F2BD63D4B001CC21A /* Views */,
			);
			path = Firebase;
			sourceTree = "<group>";
		};
		A1E3EB0F2BD63D4B001CC21A /* Views */ = {
			isa = PBXGroup;
			children = (
				A1E3EB032BD63BC9001CC21A /* ProfileView.swift */,
				A1E3EB022BD63BC9001CC21A /* LoginView.swift */,
				A1E3EB042BD63BC9001CC21A /* RegistrationView.swift */,
			);
			path = Views;
			sourceTree = "<group>";
		};
		A1E3EB102BD63D66001CC21A /* Model */ = {
			isa = PBXGroup;
			children = (
				A1E3EB002BD63BC9001CC21A /* AuthViewModel.swift */,
			);
			path = Model;
			sourceTree = "<group>";
		};
		A1E3EB112BD63D6F001CC21A /* Helper */ = {
			isa = PBXGroup;
			children = (
				A1E3EB052BD63BC9001CC21A /* SettingsRowView.swift */,
				A1E3EB012BD63BC9001CC21A /* InputView.swift */,
			);
			path = Helper;
			sourceTree = "<group>";
		};
/* End PBXGroup section */

/* Begin PBXNativeTarget section */
		A1E3EAE22BD63A68001CC21A /* myShelf */ = {
			isa = PBXNativeTarget;
			buildConfigurationList = A1E3EAF12BD63A6A001CC21A /* Build configuration list for PBXNativeTarget "myShelf" */;
			buildPhases = (
				A1E3EADF2BD63A68001CC21A /* Sources */,
				A1E3EAE02BD63A68001CC21A /* Frameworks */,
				A1E3EAE12BD63A68001CC21A /* Resources */,
			);
			buildRules = (
			);
			dependencies = (
			);
			name = myShelf;
			packageProductDependencies = (
				A1E3EAF62BD63BA2001CC21A /* FirebaseAuth */,
				A1E3EAF82BD63BA2001CC21A /* FirebaseDatabase */,
				A1E3EAFA2BD63BA2001CC21A /* FirebaseFirestore */,
				A1E3EAFC2BD63BA2001CC21A /* FirebaseFirestoreSwift */,
				A1E3EAFE2BD63BA2001CC21A /* FirebaseStorage */,
			);
			productName = myShelf;
			productReference = A1E3EAE32BD63A68001CC21A /* myShelf.app */;
			productType = "com.apple.product-type.application";
		};
/* End PBXNativeTarget section */

/* Begin PBXProject section */
		A1E3EADB2BD63A68001CC21A /* Project object */ = {
			isa = PBXProject;
			attributes = {
				BuildIndependentTargetsInParallel = 1;
				LastSwiftUpdateCheck = 1530;
				LastUpgradeCheck = 1530;
				TargetAttributes = {
					A1E3EAE22BD63A68001CC21A = {
						CreatedOnToolsVersion = 15.3;
					};
				};
			};
			buildConfigurationList = A1E3EADE2BD63A68001CC21A /* Build configuration list for PBXProject "myShelf" */;
			compatibilityVersion = "Xcode 14.0";
			developmentRegion = en;
			hasScannedForEncodings = 0;
			knownRegions = (
				en,
				Base,
			);
			mainGroup = A1E3EADA2BD63A68001CC21A;
			packageReferences = (
				A1E3EAF52BD63BA2001CC21A /* XCRemoteSwiftPackageReference "firebase-ios-sdk" */,
			);
			productRefGroup = A1E3EAE42BD63A68001CC21A /* Products */;
			projectDirPath = "";
			projectRoot = "";
			targets = (
				A1E3EAE22BD63A68001CC21A /* myShelf */,
			);
		};
/* End PBXProject section */

/* Begin PBXResourcesBuildPhase section */
		A1E3EAE12BD63A68001CC21A /* Resources */ = {
			isa = PBXResourcesBuildPhase;
			buildActionMask = 2147483647;
			files = (
				A1E3EAEE2BD63A6A001CC21A /* Preview Assets.xcassets in Resources */,
				A1E3EAEB2BD63A6A001CC21A /* Assets.xcassets in Resources */,
				A1E3EB0E2BD63CF2001CC21A /* GoogleService-Info.plist in Resources */,
			);
			runOnlyForDeploymentPostprocessing = 0;
		};
/* End PBXResourcesBuildPhase section */

/* Begin PBXSourcesBuildPhase section */
		A1E3EADF2BD63A68001CC21A /* Sources */ = {
			isa = PBXSourcesBuildPhase;
			buildActionMask = 2147483647;
			files = (
				A1E3EAE92BD63A68001CC21A /* ContentView.swift in Sources */,
				A1E3EB082BD63BC9001CC21A /* InputView.swift in Sources */,
				A1E3EAE72BD63A68001CC21A /* myShelfApp.swift in Sources */,
				A1E3EB0B2BD63BC9001CC21A /* RegistrationView.swift in Sources */,
				A1E3EB0C2BD63BC9001CC21A /* SettingsRowView.swift in Sources */,
				A1E3EB092BD63BC9001CC21A /* LoginView.swift in Sources */,
				A1E3EB0A2BD63BC9001CC21A /* ProfileView.swift in Sources */,
				A1E3EB072BD63BC9001CC21A /* AuthViewModel.swift in Sources */,
			);
			runOnlyForDeploymentPostprocessing = 0;
		};
/* End PBXSourcesBuildPhase section */

/* Begin XCBuildConfiguration section */
		A1E3EAEF2BD63A6A001CC21A /* Debug */ = {
			isa = XCBuildConfiguration;
			buildSettings = {
				ALWAYS_SEARCH_USER_PATHS = NO;
				ASSETCATALOG_COMPILER_GENERATE_SWIFT_ASSET_SYMBOL_EXTENSIONS = YES;
				CLANG_ANALYZER_NONNULL = YES;
				CLANG_ANALYZER_NUMBER_OBJECT_CONVERSION = YES_AGGRESSIVE;
				CLANG_CXX_LANGUAGE_STANDARD = "gnu++20";
				CLANG_ENABLE_MODULES = YES;
				CLANG_ENABLE_OBJC_ARC = YES;
				CLANG_ENABLE_OBJC_WEAK = YES;
				CLANG_WARN_BLOCK_CAPTURE_AUTORELEASING = YES;
				CLANG_WARN_BOOL_CONVERSION = YES;
				CLANG_WARN_COMMA = YES;
				CLANG_WARN_CONSTANT_CONVERSION = YES;
				CLANG_WARN_DEPRECATED_OBJC_IMPLEMENTATIONS = YES;
				CLANG_WARN_DIRECT_OBJC_ISA_USAGE = YES_ERROR;
				CLANG_WARN_DOCUMENTATION_COMMENTS = YES;
				CLANG_WARN_EMPTY_BODY = YES;
				CLANG_WARN_ENUM_CONVERSION = YES;
				CLANG_WARN_INFINITE_RECURSION = YES;
				CLANG_WARN_INT_CONVERSION = YES;
				CLANG_WARN_NON_LITERAL_NULL_CONVERSION = YES;
				CLANG_WARN_OBJC_IMPLICIT_RETAIN_SELF = YES;
				CLANG_WARN_OBJC_LITERAL_CONVERSION = YES;
				CLANG_WARN_OBJC_ROOT_CLASS = YES_ERROR;
				CLANG_WARN_QUOTED_INCLUDE_IN_FRAMEWORK_HEADER = YES;
				CLANG_WARN_RANGE_LOOP_ANALYSIS = YES;
				CLANG_WARN_STRICT_PROTOTYPES = YES;
				CLANG_WARN_SUSPICIOUS_MOVE = YES;
				CLANG_WARN_UNGUARDED_AVAILABILITY = YES_AGGRESSIVE;
				CLANG_WARN_UNREACHABLE_CODE = YES;
				CLANG_WARN__DUPLICATE_METHOD_MATCH = YES;
				COPY_PHASE_STRIP = NO;
				DEBUG_INFORMATION_FORMAT = dwarf;
				ENABLE_STRICT_OBJC_MSGSEND = YES;
				ENABLE_TESTABILITY = YES;
				ENABLE_USER_SCRIPT_SANDBOXING = YES;
				GCC_C_LANGUAGE_STANDARD = gnu17;
				GCC_DYNAMIC_NO_PIC = NO;
				GCC_NO_COMMON_BLOCKS = YES;
				GCC_OPTIMIZATION_LEVEL = 0;
				GCC_PREPROCESSOR_DEFINITIONS = (
					"DEBUG=1",
					"$(inherited)",
				);
				GCC_WARN_64_TO_32_BIT_CONVERSION = YES;
				GCC_WARN_ABOUT_RETURN_TYPE = YES_ERROR;
				GCC_WARN_UNDECLARED_SELECTOR = YES;
				GCC_WARN_UNINITIALIZED_AUTOS = YES_AGGRESSIVE;
				GCC_WARN_UNUSED_FUNCTION = YES;
				GCC_WARN_UNUSED_VARIABLE = YES;
				IPHONEOS_DEPLOYMENT_TARGET = 17.4;
				LOCALIZATION_PREFERS_STRING_CATALOGS = YES;
				MTL_ENABLE_DEBUG_INFO = INCLUDE_SOURCE;
				MTL_FAST_MATH = YES;
				ONLY_ACTIVE_ARCH = YES;
				SDKROOT = iphoneos;
				SWIFT_ACTIVE_COMPILATION_CONDITIONS = "DEBUG $(inherited)";
				SWIFT_OPTIMIZATION_LEVEL = "-Onone";
			};
			name = Debug;
		};
		A1E3EAF02BD63A6A001CC21A /* Release */ = {
			isa = XCBuildConfiguration;
			buildSettings = {
				ALWAYS_SEARCH_USER_PATHS = NO;
				ASSETCATALOG_COMPILER_GENERATE_SWIFT_ASSET_SYMBOL_EXTENSIONS = YES;
				CLANG_ANALYZER_NONNULL = YES;
				CLANG_ANALYZER_NUMBER_OBJECT_CONVERSION = YES_AGGRESSIVE;
				CLANG_CXX_LANGUAGE_STANDARD = "gnu++20";
				CLANG_ENABLE_MODULES = YES;
				CLANG_ENABLE_OBJC_ARC = YES;
				CLANG_ENABLE_OBJC_WEAK = YES;
				CLANG_WARN_BLOCK_CAPTURE_AUTORELEASING = YES;
				CLANG_WARN_BOOL_CONVERSION = YES;
				CLANG_WARN_COMMA = YES;
				CLANG_WARN_CONSTANT_CONVERSION = YES;
				CLANG_WARN_DEPRECATED_OBJC_IMPLEMENTATIONS = YES;
				CLANG_WARN_DIRECT_OBJC_ISA_USAGE = YES_ERROR;
				CLANG_WARN_DOCUMENTATION_COMMENTS = YES;
				CLANG_WARN_EMPTY_BODY = YES;
				CLANG_WARN_ENUM_CONVERSION = YES;
				CLANG_WARN_INFINITE_RECURSION = YES;
				CLANG_WARN_INT_CONVERSION = YES;
				CLANG_WARN_NON_LITERAL_NULL_CONVERSION = YES;
				CLANG_WARN_OBJC_IMPLICIT_RETAIN_SELF = YES;
				CLANG_WARN_OBJC_LITERAL_CONVERSION = YES;
				CLANG_WARN_OBJC_ROOT_CLASS = YES_ERROR;
				CLANG_WARN_QUOTED_INCLUDE_IN_FRAMEWORK_HEADER = YES;
				CLANG_WARN_RANGE_LOOP_ANALYSIS = YES;
				CLANG_WARN_STRICT_PROTOTYPES = YES;
				CLANG_WARN_SUSPICIOUS_MOVE = YES;
				CLANG_WARN_UNGUARDED_AVAILABILITY = YES_AGGRESSIVE;
				CLANG_WARN_UNREACHABLE_CODE = YES;
				CLANG_WARN__DUPLICATE_METHOD_MATCH = YES;
				COPY_PHASE_STRIP = NO;
				DEBUG_INFORMATION_FORMAT = "dwarf-with-dsym";
				ENABLE_NS_ASSERTIONS = NO;
				ENABLE_STRICT_OBJC_MSGSEND = YES;
				ENABLE_USER_SCRIPT_SANDBOXING = YES;
				GCC_C_LANGUAGE_STANDARD = gnu17;
				GCC_NO_COMMON_BLOCKS = YES;
				GCC_WARN_64_TO_32_BIT_CONVERSION = YES;
				GCC_WARN_ABOUT_RETURN_TYPE = YES_ERROR;
				GCC_WARN_UNDECLARED_SELECTOR = YES;
				GCC_WARN_UNINITIALIZED_AUTOS = YES_AGGRESSIVE;
				GCC_WARN_UNUSED_FUNCTION = YES;
				GCC_WARN_UNUSED_VARIABLE = YES;
				IPHONEOS_DEPLOYMENT_TARGET = 17.4;
				LOCALIZATION_PREFERS_STRING_CATALOGS = YES;
				MTL_ENABLE_DEBUG_INFO = NO;
				MTL_FAST_MATH = YES;
				SDKROOT = iphoneos;
				SWIFT_COMPILATION_MODE = wholemodule;
				VALIDATE_PRODUCT = YES;
			};
			name = Release;
		};
		A1E3EAF22BD63A6A001CC21A /* Debug */ = {
			isa = XCBuildConfiguration;
			buildSettings = {
				ASSETCATALOG_COMPILER_APPICON_NAME = AppIcon;
				ASSETCATALOG_COMPILER_GLOBAL_ACCENT_COLOR_NAME = AccentColor;
				CODE_SIGN_STYLE = Automatic;
				CURRENT_PROJECT_VERSION = 1;
				DEVELOPMENT_ASSET_PATHS = "\"myShelf/Preview Content\"";
				ENABLE_PREVIEWS = YES;
				GENERATE_INFOPLIST_FILE = YES;
				INFOPLIST_KEY_UIApplicationSceneManifest_Generation = YES;
				INFOPLIST_KEY_UIApplicationSupportsIndirectInputEvents = YES;
				INFOPLIST_KEY_UILaunchScreen_Generation = YES;
				INFOPLIST_KEY_UISupportedInterfaceOrientations_iPad = "UIInterfaceOrientationPortrait UIInterfaceOrientationPortraitUpsideDown UIInterfaceOrientationLandscapeLeft UIInterfaceOrientationLandscapeRight";
				INFOPLIST_KEY_UISupportedInterfaceOrientations_iPhone = "UIInterfaceOrientationPortrait UIInterfaceOrientationLandscapeLeft UIInterfaceOrientationLandscapeRight";
				LD_RUNPATH_SEARCH_PATHS = (
					"$(inherited)",
					"@executable_path/Frameworks",
				);
				MARKETING_VERSION = 1.0;
				PRODUCT_BUNDLE_IDENTIFIER = myOrganization.myShelf;
				PRODUCT_NAME = "$(TARGET_NAME)";
				SWIFT_EMIT_LOC_STRINGS = YES;
				SWIFT_VERSION = 5.0;
				TARGETED_DEVICE_FAMILY = "1,2";
			};
			name = Debug;
		};
		A1E3EAF32BD63A6A001CC21A /* Release */ = {
			isa = XCBuildConfiguration;
			buildSettings = {
				ASSETCATALOG_COMPILER_APPICON_NAME = AppIcon;
				ASSETCATALOG_COMPILER_GLOBAL_ACCENT_COLOR_NAME = AccentColor;
				CODE_SIGN_STYLE = Automatic;
				CURRENT_PROJECT_VERSION = 1;
				DEVELOPMENT_ASSET_PATHS = "\"myShelf/Preview Content\"";
				ENABLE_PREVIEWS = YES;
				GENERATE_INFOPLIST_FILE = YES;
				INFOPLIST_KEY_UIApplicationSceneManifest_Generation = YES;
				INFOPLIST_KEY_UIApplicationSupportsIndirectInputEvents = YES;
				INFOPLIST_KEY_UILaunchScreen_Generation = YES;
				INFOPLIST_KEY_UISupportedInterfaceOrientations_iPad = "UIInterfaceOrientationPortrait UIInterfaceOrientationPortraitUpsideDown UIInterfaceOrientationLandscapeLeft UIInterfaceOrientationLandscapeRight";
				INFOPLIST_KEY_UISupportedInterfaceOrientations_iPhone = "UIInterfaceOrientationPortrait UIInterfaceOrientationLandscapeLeft UIInterfaceOrientationLandscapeRight";
				LD_RUNPATH_SEARCH_PATHS = (
					"$(inherited)",
					"@executable_path/Frameworks",
				);
				MARKETING_VERSION = 1.0;
				PRODUCT_BUNDLE_IDENTIFIER = myOrganization.myShelf;
				PRODUCT_NAME = "$(TARGET_NAME)";
				SWIFT_EMIT_LOC_STRINGS = YES;
				SWIFT_VERSION = 5.0;
				TARGETED_DEVICE_FAMILY = "1,2";
			};
			name = Release;
		};
/* End XCBuildConfiguration section */

/* Begin XCConfigurationList section */
		A1E3EADE2BD63A68001CC21A /* Build configuration list for PBXProject "myShelf" */ = {
			isa = XCConfigurationList;
			buildConfigurations = (
				A1E3EAEF2BD63A6A001CC21A /* Debug */,
				A1E3EAF02BD63A6A001CC21A /* Release */,
			);
			defaultConfigurationIsVisible = 0;
			defaultConfigurationName = Release;
		};
		A1E3EAF12BD63A6A001CC21A /* Build configuration list for PBXNativeTarget "myShelf" */ = {
			isa = XCConfigurationList;
			buildConfigurations = (
				A1E3EAF22BD63A6A001CC21A /* Debug */,
				A1E3EAF32BD63A6A001CC21A /* Release */,
			);
			defaultConfigurationIsVisible = 0;
			defaultConfigurationName = Release;
		};
/* End XCConfigurationList section */

/* Begin XCRemoteSwiftPackageReference section */
		A1E3EAF52BD63BA2001CC21A /* XCRemoteSwiftPackageReference "firebase-ios-sdk" */ = {
			isa = XCRemoteSwiftPackageReference;
			repositoryURL = "https://github.com/firebase/firebase-ios-sdk";
			requirement = {
				kind = upToNextMajorVersion;
				minimumVersion = 10.24.0;
			};
		};
/* End XCRemoteSwiftPackageReference section */

/* Begin XCSwiftPackageProductDependency section */
		A1E3EAF62BD63BA2001CC21A /* FirebaseAuth */ = {
			isa = XCSwiftPackageProductDependency;
			package = A1E3EAF52BD63BA2001CC21A /* XCRemoteSwiftPackageReference "firebase-ios-sdk" */;
			productName = FirebaseAuth;
		};
		A1E3EAF82BD63BA2001CC21A /* FirebaseDatabase */ = {
			isa = XCSwiftPackageProductDependency;
			package = A1E3EAF52BD63BA2001CC21A /* XCRemoteSwiftPackageReference "firebase-ios-sdk" */;
			productName = FirebaseDatabase;
		};
		A1E3EAFA2BD63BA2001CC21A /* FirebaseFirestore */ = {
			isa = XCSwiftPackageProductDependency;
			package = A1E3EAF52BD63BA2001CC21A /* XCRemoteSwiftPackageReference "firebase-ios-sdk" */;
			productName = FirebaseFirestore;
		};
		A1E3EAFC2BD63BA2001CC21A /* FirebaseFirestoreSwift */ = {
			isa = XCSwiftPackageProductDependency;
			package = A1E3EAF52BD63BA2001CC21A /* XCRemoteSwiftPackageReference "firebase-ios-sdk" */;
			productName = FirebaseFirestoreSwift;
		};
		A1E3EAFE2BD63BA2001CC21A /* FirebaseStorage */ = {
			isa = XCSwiftPackageProductDependency;
			package = A1E3EAF52BD63BA2001CC21A /* XCRemoteSwiftPackageReference "firebase-ios-sdk" */;
			productName = FirebaseStorage;
		};
/* End XCSwiftPackageProductDependency section */
	};
	rootObject = A1E3EADB2BD63A68001CC21A /* Project object */;
}
