// !$*UTF8*$!
{
	archiveVersion = 1;
	classes = {
	};
	objectVersion = 56;
	objects = {

/* Begin PBXBuildFile section */
		1FABC5C22BD7A9AF00E730FD /* MExploreView.swift in Sources */ = {isa = PBXBuildFile; fileRef = 1FABC5C12BD7A9AF00E730FD /* MExploreView.swift */; };
		1FABC5C42BD7AB7600E730FD /* MemberView.swift in Sources */ = {isa = PBXBuildFile; fileRef = 1FABC5C32BD7AB7600E730FD /* MemberView.swift */; };
		1FABC5C72BD7ABF500E730FD /* LibrarianView.swift in Sources */ = {isa = PBXBuildFile; fileRef = 1FABC5C62BD7ABF500E730FD /* LibrarianView.swift */; };
		1FABC5CA2BD7AC2F00E730FD /* AdminView.swift in Sources */ = {isa = PBXBuildFile; fileRef = 1FABC5C92BD7AC2F00E730FD /* AdminView.swift */; };
		A10CDA302BDAB5F400756AA0 /* StarsView.swift in Sources */ = {isa = PBXBuildFile; fileRef = A10CDA2F2BDAB5F400756AA0 /* StarsView.swift */; };
		A11EAAF42BE0FE1C00B46B47 /* MSubscriptionView.swift in Sources */ = {isa = PBXBuildFile; fileRef = A11EAAF32BE0FE1C00B46B47 /* MSubscriptionView.swift */; };
		A126F8AE2BDAF30F00693474 /* MWishlistView.swift in Sources */ = {isa = PBXBuildFile; fileRef = A126F8AD2BDAF30F00693474 /* MWishlistView.swift */; };
		A126F8B02BDAF36100693474 /* WishlistManager.swift in Sources */ = {isa = PBXBuildFile; fileRef = A126F8AF2BDAF36100693474 /* WishlistManager.swift */; };
		A129978F2BDE21AF00099962 /* LMemebrDetailView.swift in Sources */ = {isa = PBXBuildFile; fileRef = A129978E2BDE21AF00099962 /* LMemebrDetailView.swift */; };
		A12997912BDE253A00099962 /* LScanMember.swift in Sources */ = {isa = PBXBuildFile; fileRef = A12997902BDE253A00099962 /* LScanMember.swift */; };
		A12997932BDE284600099962 /* LBookIssueView.swift in Sources */ = {isa = PBXBuildFile; fileRef = A12997922BDE284600099962 /* LBookIssueView.swift */; };
		A1300FA72BDF83D0001926E0 /* GoogleService-Info.plist in Resources */ = {isa = PBXBuildFile; fileRef = A1300FA62BDF83D0001926E0 /* GoogleService-Info.plist */; };
		A133C85A2BDA092C00A9597B /* LHomeView.swift in Sources */ = {isa = PBXBuildFile; fileRef = A133C8592BDA092C00A9597B /* LHomeView.swift */; };
		A133C85C2BDA093C00A9597B /* LLibraryView.swift in Sources */ = {isa = PBXBuildFile; fileRef = A133C85B2BDA093C00A9597B /* LLibraryView.swift */; };
		A133C85E2BDA094E00A9597B /* LEventsView.swift in Sources */ = {isa = PBXBuildFile; fileRef = A133C85D2BDA094E00A9597B /* LEventsView.swift */; };
		A133C8602BDA095C00A9597B /* LProfileView.swift in Sources */ = {isa = PBXBuildFile; fileRef = A133C85F2BDA095C00A9597B /* LProfileView.swift */; };
		A133C8632BDA1F5C00A9597B /* CodeScanner in Frameworks */ = {isa = PBXBuildFile; productRef = A133C8622BDA1F5C00A9597B /* CodeScanner */; };
		A133C8652BDA1F8100A9597B /* ScanCode.swift in Sources */ = {isa = PBXBuildFile; fileRef = A133C8642BDA1F8100A9597B /* ScanCode.swift */; };
		A133C8682BDA2E9600A9597B /* Book.swift in Sources */ = {isa = PBXBuildFile; fileRef = A133C8672BDA2E9600A9597B /* Book.swift */; };
		A133C86A2BDA2EC800A9597B /* FirebaseManager.swift in Sources */ = {isa = PBXBuildFile; fileRef = A133C8692BDA2EC800A9597B /* FirebaseManager.swift */; };
		A13C0E822BD7BA630083CCDD /* MHomeView.swift in Sources */ = {isa = PBXBuildFile; fileRef = A13C0E812BD7BA620083CCDD /* MHomeView.swift */; };
		A13C0E842BD7BD760083CCDD /* MEventsView.swift in Sources */ = {isa = PBXBuildFile; fileRef = A13C0E832BD7BD760083CCDD /* MEventsView.swift */; };
		A13C0E862BD7BD840083CCDD /* MLibraryView.swift in Sources */ = {isa = PBXBuildFile; fileRef = A13C0E852BD7BD840083CCDD /* MLibraryView.swift */; };
		A13C0E882BD7D1730083CCDD /* MProfileView.swift in Sources */ = {isa = PBXBuildFile; fileRef = A13C0E872BD7D1730083CCDD /* MProfileView.swift */; };
		A13E559C2BE63320004ED7B7 /* AEventDetailView.swift in Sources */ = {isa = PBXBuildFile; fileRef = A13E559B2BE63320004ED7B7 /* AEventDetailView.swift */; };
		A13E55A02BE642B4004ED7B7 /* MEventDetailView.swift in Sources */ = {isa = PBXBuildFile; fileRef = A13E559F2BE642B4004ED7B7 /* MEventDetailView.swift */; };
		A14004542BE3848500F5615F /* MPreviouslyIssuedBooksView.swift in Sources */ = {isa = PBXBuildFile; fileRef = A14004532BE3848500F5615F /* MPreviouslyIssuedBooksView.swift */; };
		A14AFBEC2BDBA6A900A29380 /* AddBookView.swift in Sources */ = {isa = PBXBuildFile; fileRef = A14AFBEB2BDBA6A900A29380 /* AddBookView.swift */; };
		A14AFBEF2BDBB0DF00A29380 /* LBookDetailView.swift in Sources */ = {isa = PBXBuildFile; fileRef = A14AFBEE2BDBB0DF00A29380 /* LBookDetailView.swift */; };
		A14AFBF22BDBB85800A29380 /* AHomeView.swift in Sources */ = {isa = PBXBuildFile; fileRef = A14AFBF12BDBB85800A29380 /* AHomeView.swift */; };
		A14AFBF42BDBB88E00A29380 /* ALibrarianView.swift in Sources */ = {isa = PBXBuildFile; fileRef = A14AFBF32BDBB88E00A29380 /* ALibrarianView.swift */; };
		A14AFBF62BDBB8F800A29380 /* AEventsView.swift in Sources */ = {isa = PBXBuildFile; fileRef = A14AFBF52BDBB8F800A29380 /* AEventsView.swift */; };
		A14AFBF92BDBC50300A29380 /* AddLibrarianView.swift in Sources */ = {isa = PBXBuildFile; fileRef = A14AFBF82BDBC50300A29380 /* AddLibrarianView.swift */; };
		A14AFBFB2BDBCE8400A29380 /* Librarian.swift in Sources */ = {isa = PBXBuildFile; fileRef = A14AFBFA2BDBCE8400A29380 /* Librarian.swift */; };
		A15835022BE4C927003331F4 /* Reservations.swift in Sources */ = {isa = PBXBuildFile; fileRef = A15835012BE4C927003331F4 /* Reservations.swift */; };
		A15835042BE4D0E3003331F4 /* EditBookView.swift in Sources */ = {isa = PBXBuildFile; fileRef = A15835032BE4D0E3003331F4 /* EditBookView.swift */; };
		A17C5A192BE4A3EC0081A04E /* AllIssuedBooks.swift in Sources */ = {isa = PBXBuildFile; fileRef = A17C5A182BE4A3EC0081A04E /* AllIssuedBooks.swift */; };
		A17C5A1B2BE4AF600081A04E /* TestView.swift in Sources */ = {isa = PBXBuildFile; fileRef = A17C5A1A2BE4AF600081A04E /* TestView.swift */; };
		A1895CDA2BE5F99800898ED6 /* MCheckMembershipView.swift in Sources */ = {isa = PBXBuildFile; fileRef = A1895CD92BE5F99800898ED6 /* MCheckMembershipView.swift */; };
		A1895CDC2BE5FD8700898ED6 /* ACreateEventView.swift in Sources */ = {isa = PBXBuildFile; fileRef = A1895CDB2BE5FD8700898ED6 /* ACreateEventView.swift */; };
		A197D9912BD8F42A005C18F2 /* MFAQView.swift in Sources */ = {isa = PBXBuildFile; fileRef = A197D9902BD8F42A005C18F2 /* MFAQView.swift */; };
		A197D9932BD8F737005C18F2 /* OnboardingView.swift in Sources */ = {isa = PBXBuildFile; fileRef = A197D9922BD8F737005C18F2 /* OnboardingView.swift */; };
		A1993DE72BDA7CF000AF764B /* MBookDetailView.swift in Sources */ = {isa = PBXBuildFile; fileRef = A1993DE62BDA7CF000AF764B /* MBookDetailView.swift */; };
		A19A4AEA2BDFF243000604D7 /* FinePolicyView.swift in Sources */ = {isa = PBXBuildFile; fileRef = A19A4AE92BDFF243000604D7 /* FinePolicyView.swift */; };
		A19A4AEC2BE00520000604D7 /* AdminData.swift in Sources */ = {isa = PBXBuildFile; fileRef = A19A4AEB2BE00520000604D7 /* AdminData.swift */; };
		A1A9BDE82BE24AF400EFF2F8 /* MBorrowedBookView.swift in Sources */ = {isa = PBXBuildFile; fileRef = A1A9BDE72BE24AF400EFF2F8 /* MBorrowedBookView.swift */; };
		A1A9BDEA2BE24F4000EFF2F8 /* LRequestsView.swift in Sources */ = {isa = PBXBuildFile; fileRef = A1A9BDE92BE24F4000EFF2F8 /* LRequestsView.swift */; };
		A1A9BDEC2BE2516200EFF2F8 /* ExtensionRequests.swift in Sources */ = {isa = PBXBuildFile; fileRef = A1A9BDEB2BE2516200EFF2F8 /* ExtensionRequests.swift */; };
		A1AD8F1C2BDBF8AC00C720EF /* LibrarianDetailView.swift in Sources */ = {isa = PBXBuildFile; fileRef = A1AD8F1B2BDBF8AC00C720EF /* LibrarianDetailView.swift */; };
		A1BC2DA32BDFC753002E3A79 /* MLibraryGridView.swift in Sources */ = {isa = PBXBuildFile; fileRef = A1BC2DA22BDFC753002E3A79 /* MLibraryGridView.swift */; };
		A1BC2DA52BDFCF3A002E3A79 /* IssuedBooks.swift in Sources */ = {isa = PBXBuildFile; fileRef = A1BC2DA42BDFCF3A002E3A79 /* IssuedBooks.swift */; };
		A1BC2DA72BDFD5E8002E3A79 /* PreviouslyIssuedBooks.swift in Sources */ = {isa = PBXBuildFile; fileRef = A1BC2DA62BDFD5E8002E3A79 /* PreviouslyIssuedBooks.swift */; };
		A1D600992BE60EF1004EAA43 /* Events.swift in Sources */ = {isa = PBXBuildFile; fileRef = A1D600982BE60EF1004EAA43 /* Events.swift */; };
		A1E3EAE72BD63A68001CC21A /* myShelfApp.swift in Sources */ = {isa = PBXBuildFile; fileRef = A1E3EAE62BD63A68001CC21A /* myShelfApp.swift */; };
		A1E3EAE92BD63A68001CC21A /* ContentView.swift in Sources */ = {isa = PBXBuildFile; fileRef = A1E3EAE82BD63A68001CC21A /* ContentView.swift */; };
		A1E3EAEB2BD63A6A001CC21A /* Assets.xcassets in Resources */ = {isa = PBXBuildFile; fileRef = A1E3EAEA2BD63A6A001CC21A /* Assets.xcassets */; };
		A1E3EAEE2BD63A6A001CC21A /* Preview Assets.xcassets in Resources */ = {isa = PBXBuildFile; fileRef = A1E3EAED2BD63A6A001CC21A /* Preview Assets.xcassets */; };
		A1E3EAF72BD63BA2001CC21A /* FirebaseAuth in Frameworks */ = {isa = PBXBuildFile; productRef = A1E3EAF62BD63BA2001CC21A /* FirebaseAuth */; };
		A1E3EAF92BD63BA2001CC21A /* FirebaseDatabase in Frameworks */ = {isa = PBXBuildFile; productRef = A1E3EAF82BD63BA2001CC21A /* FirebaseDatabase */; };
		A1E3EAFB2BD63BA2001CC21A /* FirebaseFirestore in Frameworks */ = {isa = PBXBuildFile; productRef = A1E3EAFA2BD63BA2001CC21A /* FirebaseFirestore */; };
		A1E3EAFD2BD63BA2001CC21A /* FirebaseFirestoreSwift in Frameworks */ = {isa = PBXBuildFile; productRef = A1E3EAFC2BD63BA2001CC21A /* FirebaseFirestoreSwift */; };
		A1E3EAFF2BD63BA2001CC21A /* FirebaseStorage in Frameworks */ = {isa = PBXBuildFile; productRef = A1E3EAFE2BD63BA2001CC21A /* FirebaseStorage */; };
		A1E3EB072BD63BC9001CC21A /* AuthViewModel.swift in Sources */ = {isa = PBXBuildFile; fileRef = A1E3EB002BD63BC9001CC21A /* AuthViewModel.swift */; };
		A1E3EB082BD63BC9001CC21A /* InputView.swift in Sources */ = {isa = PBXBuildFile; fileRef = A1E3EB012BD63BC9001CC21A /* InputView.swift */; };
		A1E3EB092BD63BC9001CC21A /* LoginView.swift in Sources */ = {isa = PBXBuildFile; fileRef = A1E3EB022BD63BC9001CC21A /* LoginView.swift */; };
		A1E3EB0A2BD63BC9001CC21A /* ProfileView.swift in Sources */ = {isa = PBXBuildFile; fileRef = A1E3EB032BD63BC9001CC21A /* ProfileView.swift */; };
		A1E3EB0B2BD63BC9001CC21A /* RegistrationView.swift in Sources */ = {isa = PBXBuildFile; fileRef = A1E3EB042BD63BC9001CC21A /* RegistrationView.swift */; };
		A1E3EB0C2BD63BC9001CC21A /* SettingsRowView.swift in Sources */ = {isa = PBXBuildFile; fileRef = A1E3EB052BD63BC9001CC21A /* SettingsRowView.swift */; };
		A1E5C7C32BE346560078A797 /* LReservationsView.swift in Sources */ = {isa = PBXBuildFile; fileRef = A1E5C7C22BE346560078A797 /* LReservationsView.swift */; };
		A1E5C7C52BE3471D0078A797 /* LRenewalsView.swift in Sources */ = {isa = PBXBuildFile; fileRef = A1E5C7C42BE3471D0078A797 /* LRenewalsView.swift */; };
		A1E5C7C82BE354420078A797 /* ScanReturn.swift in Sources */ = {isa = PBXBuildFile; fileRef = A1E5C7C72BE354420078A797 /* ScanReturn.swift */; };
		A1E5C7CA2BE3549A0078A797 /* LReturnDetailView.swift in Sources */ = {isa = PBXBuildFile; fileRef = A1E5C7C92BE3549A0078A797 /* LReturnDetailView.swift */; };
		A1E5C7CC2BE36D980078A797 /* LReturnBookDetailView.swift in Sources */ = {isa = PBXBuildFile; fileRef = A1E5C7CB2BE36D980078A797 /* LReturnBookDetailView.swift */; };
		A1F8C6CB2BE54D36008832D1 /* product.storekit in Resources */ = {isa = PBXBuildFile; fileRef = A1F8C6CA2BE54D36008832D1 /* product.storekit */; };
		A1F8C6CD2BE54D72008832D1 /* storeVM.swift in Sources */ = {isa = PBXBuildFile; fileRef = A1F8C6CC2BE54D72008832D1 /* storeVM.swift */; };
/* End PBXBuildFile section */

/* Begin PBXFileReference section */
		1FABC5C12BD7A9AF00E730FD /* MExploreView.swift */ = {isa = PBXFileReference; lastKnownFileType = sourcecode.swift; path = MExploreView.swift; sourceTree = "<group>"; };
		1FABC5C32BD7AB7600E730FD /* MemberView.swift */ = {isa = PBXFileReference; lastKnownFileType = sourcecode.swift; path = MemberView.swift; sourceTree = "<group>"; };
		1FABC5C62BD7ABF500E730FD /* LibrarianView.swift */ = {isa = PBXFileReference; lastKnownFileType = sourcecode.swift; path = LibrarianView.swift; sourceTree = "<group>"; };
		1FABC5C92BD7AC2F00E730FD /* AdminView.swift */ = {isa = PBXFileReference; lastKnownFileType = sourcecode.swift; path = AdminView.swift; sourceTree = "<group>"; };
		A10CDA2F2BDAB5F400756AA0 /* StarsView.swift */ = {isa = PBXFileReference; lastKnownFileType = sourcecode.swift; path = StarsView.swift; sourceTree = "<group>"; };
		A115C6082BD92C8000B99E3E /* Info.plist */ = {isa = PBXFileReference; lastKnownFileType = text.plist.xml; path = Info.plist; sourceTree = "<group>"; };
		A11EAAF32BE0FE1C00B46B47 /* MSubscriptionView.swift */ = {isa = PBXFileReference; lastKnownFileType = sourcecode.swift; path = MSubscriptionView.swift; sourceTree = "<group>"; };
		A126F8AD2BDAF30F00693474 /* MWishlistView.swift */ = {isa = PBXFileReference; lastKnownFileType = sourcecode.swift; path = MWishlistView.swift; sourceTree = "<group>"; };
		A126F8AF2BDAF36100693474 /* WishlistManager.swift */ = {isa = PBXFileReference; lastKnownFileType = sourcecode.swift; path = WishlistManager.swift; sourceTree = "<group>"; };
		A129978E2BDE21AF00099962 /* LMemebrDetailView.swift */ = {isa = PBXFileReference; lastKnownFileType = sourcecode.swift; path = LMemebrDetailView.swift; sourceTree = "<group>"; };
		A12997902BDE253A00099962 /* LScanMember.swift */ = {isa = PBXFileReference; lastKnownFileType = sourcecode.swift; path = LScanMember.swift; sourceTree = "<group>"; };
		A12997922BDE284600099962 /* LBookIssueView.swift */ = {isa = PBXFileReference; lastKnownFileType = sourcecode.swift; path = LBookIssueView.swift; sourceTree = "<group>"; };
		A1300FA62BDF83D0001926E0 /* GoogleService-Info.plist */ = {isa = PBXFileReference; fileEncoding = 4; lastKnownFileType = text.plist.xml; path = "GoogleService-Info.plist"; sourceTree = "<group>"; };
		A133C8592BDA092C00A9597B /* LHomeView.swift */ = {isa = PBXFileReference; lastKnownFileType = sourcecode.swift; path = LHomeView.swift; sourceTree = "<group>"; };
		A133C85B2BDA093C00A9597B /* LLibraryView.swift */ = {isa = PBXFileReference; lastKnownFileType = sourcecode.swift; path = LLibraryView.swift; sourceTree = "<group>"; };
		A133C85D2BDA094E00A9597B /* LEventsView.swift */ = {isa = PBXFileReference; lastKnownFileType = sourcecode.swift; path = LEventsView.swift; sourceTree = "<group>"; };
		A133C85F2BDA095C00A9597B /* LProfileView.swift */ = {isa = PBXFileReference; lastKnownFileType = sourcecode.swift; path = LProfileView.swift; sourceTree = "<group>"; };
		A133C8642BDA1F8100A9597B /* ScanCode.swift */ = {isa = PBXFileReference; lastKnownFileType = sourcecode.swift; path = ScanCode.swift; sourceTree = "<group>"; };
		A133C8672BDA2E9600A9597B /* Book.swift */ = {isa = PBXFileReference; lastKnownFileType = sourcecode.swift; path = Book.swift; sourceTree = "<group>"; };
		A133C8692BDA2EC800A9597B /* FirebaseManager.swift */ = {isa = PBXFileReference; lastKnownFileType = sourcecode.swift; path = FirebaseManager.swift; sourceTree = "<group>"; };
		A13C0E812BD7BA620083CCDD /* MHomeView.swift */ = {isa = PBXFileReference; lastKnownFileType = sourcecode.swift; path = MHomeView.swift; sourceTree = "<group>"; };
		A13C0E832BD7BD760083CCDD /* MEventsView.swift */ = {isa = PBXFileReference; lastKnownFileType = sourcecode.swift; path = MEventsView.swift; sourceTree = "<group>"; };
		A13C0E852BD7BD840083CCDD /* MLibraryView.swift */ = {isa = PBXFileReference; lastKnownFileType = sourcecode.swift; path = MLibraryView.swift; sourceTree = "<group>"; };
		A13C0E872BD7D1730083CCDD /* MProfileView.swift */ = {isa = PBXFileReference; lastKnownFileType = sourcecode.swift; path = MProfileView.swift; sourceTree = "<group>"; };
		A13E559B2BE63320004ED7B7 /* AEventDetailView.swift */ = {isa = PBXFileReference; lastKnownFileType = sourcecode.swift; path = AEventDetailView.swift; sourceTree = "<group>"; };
		A13E559F2BE642B4004ED7B7 /* MEventDetailView.swift */ = {isa = PBXFileReference; lastKnownFileType = sourcecode.swift; path = MEventDetailView.swift; sourceTree = "<group>"; };
		A14004532BE3848500F5615F /* MPreviouslyIssuedBooksView.swift */ = {isa = PBXFileReference; lastKnownFileType = sourcecode.swift; path = MPreviouslyIssuedBooksView.swift; sourceTree = "<group>"; };
		A14AFBEB2BDBA6A900A29380 /* AddBookView.swift */ = {isa = PBXFileReference; lastKnownFileType = sourcecode.swift; path = AddBookView.swift; sourceTree = "<group>"; };
		A14AFBEE2BDBB0DF00A29380 /* LBookDetailView.swift */ = {isa = PBXFileReference; lastKnownFileType = sourcecode.swift; path = LBookDetailView.swift; sourceTree = "<group>"; };
		A14AFBF12BDBB85800A29380 /* AHomeView.swift */ = {isa = PBXFileReference; lastKnownFileType = sourcecode.swift; path = AHomeView.swift; sourceTree = "<group>"; };
		A14AFBF32BDBB88E00A29380 /* ALibrarianView.swift */ = {isa = PBXFileReference; lastKnownFileType = sourcecode.swift; path = ALibrarianView.swift; sourceTree = "<group>"; };
		A14AFBF52BDBB8F800A29380 /* AEventsView.swift */ = {isa = PBXFileReference; lastKnownFileType = sourcecode.swift; path = AEventsView.swift; sourceTree = "<group>"; };
		A14AFBF82BDBC50300A29380 /* AddLibrarianView.swift */ = {isa = PBXFileReference; lastKnownFileType = sourcecode.swift; path = AddLibrarianView.swift; sourceTree = "<group>"; };
		A14AFBFA2BDBCE8400A29380 /* Librarian.swift */ = {isa = PBXFileReference; lastKnownFileType = sourcecode.swift; path = Librarian.swift; sourceTree = "<group>"; };
		A15835012BE4C927003331F4 /* Reservations.swift */ = {isa = PBXFileReference; lastKnownFileType = sourcecode.swift; path = Reservations.swift; sourceTree = "<group>"; };
		A15835032BE4D0E3003331F4 /* EditBookView.swift */ = {isa = PBXFileReference; lastKnownFileType = sourcecode.swift; path = EditBookView.swift; sourceTree = "<group>"; };
		A17C5A182BE4A3EC0081A04E /* AllIssuedBooks.swift */ = {isa = PBXFileReference; lastKnownFileType = sourcecode.swift; path = AllIssuedBooks.swift; sourceTree = "<group>"; };
		A17C5A1A2BE4AF600081A04E /* TestView.swift */ = {isa = PBXFileReference; lastKnownFileType = sourcecode.swift; path = TestView.swift; sourceTree = "<group>"; };
		A1895CD92BE5F99800898ED6 /* MCheckMembershipView.swift */ = {isa = PBXFileReference; lastKnownFileType = sourcecode.swift; path = MCheckMembershipView.swift; sourceTree = "<group>"; };
		A1895CDB2BE5FD8700898ED6 /* ACreateEventView.swift */ = {isa = PBXFileReference; lastKnownFileType = sourcecode.swift; path = ACreateEventView.swift; sourceTree = "<group>"; };
		A197D9902BD8F42A005C18F2 /* MFAQView.swift */ = {isa = PBXFileReference; lastKnownFileType = sourcecode.swift; path = MFAQView.swift; sourceTree = "<group>"; };
		A197D9922BD8F737005C18F2 /* OnboardingView.swift */ = {isa = PBXFileReference; lastKnownFileType = sourcecode.swift; path = OnboardingView.swift; sourceTree = "<group>"; };
		A1993DE62BDA7CF000AF764B /* MBookDetailView.swift */ = {isa = PBXFileReference; lastKnownFileType = sourcecode.swift; path = MBookDetailView.swift; sourceTree = "<group>"; };
		A19A4AE92BDFF243000604D7 /* FinePolicyView.swift */ = {isa = PBXFileReference; lastKnownFileType = sourcecode.swift; path = FinePolicyView.swift; sourceTree = "<group>"; };
		A19A4AEB2BE00520000604D7 /* AdminData.swift */ = {isa = PBXFileReference; lastKnownFileType = sourcecode.swift; path = AdminData.swift; sourceTree = "<group>"; };
		A1A9BDE72BE24AF400EFF2F8 /* MBorrowedBookView.swift */ = {isa = PBXFileReference; lastKnownFileType = sourcecode.swift; path = MBorrowedBookView.swift; sourceTree = "<group>"; };
		A1A9BDE92BE24F4000EFF2F8 /* LRequestsView.swift */ = {isa = PBXFileReference; lastKnownFileType = sourcecode.swift; path = LRequestsView.swift; sourceTree = "<group>"; };
		A1A9BDEB2BE2516200EFF2F8 /* ExtensionRequests.swift */ = {isa = PBXFileReference; lastKnownFileType = sourcecode.swift; path = ExtensionRequests.swift; sourceTree = "<group>"; };
		A1AD8F1B2BDBF8AC00C720EF /* LibrarianDetailView.swift */ = {isa = PBXFileReference; lastKnownFileType = sourcecode.swift; path = LibrarianDetailView.swift; sourceTree = "<group>"; };
		A1BC2DA22BDFC753002E3A79 /* MLibraryGridView.swift */ = {isa = PBXFileReference; lastKnownFileType = sourcecode.swift; path = MLibraryGridView.swift; sourceTree = "<group>"; };
		A1BC2DA42BDFCF3A002E3A79 /* IssuedBooks.swift */ = {isa = PBXFileReference; lastKnownFileType = sourcecode.swift; path = IssuedBooks.swift; sourceTree = "<group>"; };
		A1BC2DA62BDFD5E8002E3A79 /* PreviouslyIssuedBooks.swift */ = {isa = PBXFileReference; lastKnownFileType = sourcecode.swift; path = PreviouslyIssuedBooks.swift; sourceTree = "<group>"; };
		A1D600982BE60EF1004EAA43 /* Events.swift */ = {isa = PBXFileReference; lastKnownFileType = sourcecode.swift; path = Events.swift; sourceTree = "<group>"; };
		A1E3EAE32BD63A68001CC21A /* myShelf.app */ = {isa = PBXFileReference; explicitFileType = wrapper.application; includeInIndex = 0; path = myShelf.app; sourceTree = BUILT_PRODUCTS_DIR; };
		A1E3EAE62BD63A68001CC21A /* myShelfApp.swift */ = {isa = PBXFileReference; lastKnownFileType = sourcecode.swift; path = myShelfApp.swift; sourceTree = "<group>"; };
		A1E3EAE82BD63A68001CC21A /* ContentView.swift */ = {isa = PBXFileReference; lastKnownFileType = sourcecode.swift; path = ContentView.swift; sourceTree = "<group>"; };
		A1E3EAEA2BD63A6A001CC21A /* Assets.xcassets */ = {isa = PBXFileReference; lastKnownFileType = folder.assetcatalog; path = Assets.xcassets; sourceTree = "<group>"; };
		A1E3EAED2BD63A6A001CC21A /* Preview Assets.xcassets */ = {isa = PBXFileReference; lastKnownFileType = folder.assetcatalog; path = "Preview Assets.xcassets"; sourceTree = "<group>"; };
		A1E3EB002BD63BC9001CC21A /* AuthViewModel.swift */ = {isa = PBXFileReference; fileEncoding = 4; lastKnownFileType = sourcecode.swift; path = AuthViewModel.swift; sourceTree = "<group>"; };
		A1E3EB012BD63BC9001CC21A /* InputView.swift */ = {isa = PBXFileReference; fileEncoding = 4; lastKnownFileType = sourcecode.swift; path = InputView.swift; sourceTree = "<group>"; };
		A1E3EB022BD63BC9001CC21A /* LoginView.swift */ = {isa = PBXFileReference; fileEncoding = 4; lastKnownFileType = sourcecode.swift; path = LoginView.swift; sourceTree = "<group>"; };
		A1E3EB032BD63BC9001CC21A /* ProfileView.swift */ = {isa = PBXFileReference; fileEncoding = 4; lastKnownFileType = sourcecode.swift; path = ProfileView.swift; sourceTree = "<group>"; };
		A1E3EB042BD63BC9001CC21A /* RegistrationView.swift */ = {isa = PBXFileReference; fileEncoding = 4; lastKnownFileType = sourcecode.swift; path = RegistrationView.swift; sourceTree = "<group>"; };
		A1E3EB052BD63BC9001CC21A /* SettingsRowView.swift */ = {isa = PBXFileReference; fileEncoding = 4; lastKnownFileType = sourcecode.swift; path = SettingsRowView.swift; sourceTree = "<group>"; };
		A1E5C7C22BE346560078A797 /* LReservationsView.swift */ = {isa = PBXFileReference; lastKnownFileType = sourcecode.swift; path = LReservationsView.swift; sourceTree = "<group>"; };
		A1E5C7C42BE3471D0078A797 /* LRenewalsView.swift */ = {isa = PBXFileReference; lastKnownFileType = sourcecode.swift; path = LRenewalsView.swift; sourceTree = "<group>"; };
		A1E5C7C72BE354420078A797 /* ScanReturn.swift */ = {isa = PBXFileReference; lastKnownFileType = sourcecode.swift; path = ScanReturn.swift; sourceTree = "<group>"; };
		A1E5C7C92BE3549A0078A797 /* LReturnDetailView.swift */ = {isa = PBXFileReference; lastKnownFileType = sourcecode.swift; path = LReturnDetailView.swift; sourceTree = "<group>"; };
		A1E5C7CB2BE36D980078A797 /* LReturnBookDetailView.swift */ = {isa = PBXFileReference; lastKnownFileType = sourcecode.swift; path = LReturnBookDetailView.swift; sourceTree = "<group>"; };
		A1F8C6CA2BE54D36008832D1 /* product.storekit */ = {isa = PBXFileReference; fileEncoding = 4; lastKnownFileType = text; path = product.storekit; sourceTree = "<group>"; };
		A1F8C6CC2BE54D72008832D1 /* storeVM.swift */ = {isa = PBXFileReference; fileEncoding = 4; lastKnownFileType = sourcecode.swift; path = storeVM.swift; sourceTree = "<group>"; };
/* End PBXFileReference section */

/* Begin PBXFrameworksBuildPhase section */
		A1E3EAE02BD63A68001CC21A /* Frameworks */ = {
			isa = PBXFrameworksBuildPhase;
			buildActionMask = 2147483647;
			files = (
				A1E3EAF92BD63BA2001CC21A /* FirebaseDatabase in Frameworks */,
				A1E3EAF72BD63BA2001CC21A /* FirebaseAuth in Frameworks */,
				A133C8632BDA1F5C00A9597B /* CodeScanner in Frameworks */,
				A1E3EAFB2BD63BA2001CC21A /* FirebaseFirestore in Frameworks */,
				A1E3EAFF2BD63BA2001CC21A /* FirebaseStorage in Frameworks */,
				A1E3EAFD2BD63BA2001CC21A /* FirebaseFirestoreSwift in Frameworks */,
			);
			runOnlyForDeploymentPostprocessing = 0;
		};
/* End PBXFrameworksBuildPhase section */

/* Begin PBXGroup section */
		1FABC5C02BD7A96B00E730FD /* Member */ = {
			isa = PBXGroup;
			children = (
				1FABC5C32BD7AB7600E730FD /* MemberView.swift */,
				A11442492BDA7ADB00AF884A /* Views */,
				A11442482BDA7AC100AF884A /* SubViews */,
			);
			path = Member;
			sourceTree = "<group>";
		};
		1FABC5C52BD7ABD100E730FD /* Librarian */ = {
			isa = PBXGroup;
			children = (
				A114424B2BDA7BB600AF884A /* SubViews */,
				A114424A2BDA7B9B00AF884A /* Views */,
				1FABC5C62BD7ABF500E730FD /* LibrarianView.swift */,
			);
			path = Librarian;
			sourceTree = "<group>";
		};
		1FABC5C82BD7AC1C00E730FD /* Admin */ = {
			isa = PBXGroup;
			children = (
				A14AFBF72BDBC4ED00A29380 /* SubViews */,
				A14AFBF02BDBB40600A29380 /* Views */,
				1FABC5C92BD7AC2F00E730FD /* AdminView.swift */,
			);
			path = Admin;
			sourceTree = "<group>";
		};
		A11442482BDA7AC100AF884A /* SubViews */ = {
			isa = PBXGroup;
			children = (
				A1895CD82BE5F97F00898ED6 /* Membership */,
				A13C0E872BD7D1730083CCDD /* MProfileView.swift */,
				A197D9902BD8F42A005C18F2 /* MFAQView.swift */,
				A1993DE62BDA7CF000AF764B /* MBookDetailView.swift */,
				A10CDA2F2BDAB5F400756AA0 /* StarsView.swift */,
				A126F8AD2BDAF30F00693474 /* MWishlistView.swift */,
				A11EAAF32BE0FE1C00B46B47 /* MSubscriptionView.swift */,
				A13E559F2BE642B4004ED7B7 /* MEventDetailView.swift */,
			);
			path = SubViews;
			sourceTree = "<group>";
		};
		A11442492BDA7ADB00AF884A /* Views */ = {
			isa = PBXGroup;
			children = (
				A1BC2DA12BDFC71F002E3A79 /* MLibrary */,
				1FABC5C12BD7A9AF00E730FD /* MExploreView.swift */,
				A13C0E812BD7BA620083CCDD /* MHomeView.swift */,
				A13C0E832BD7BD760083CCDD /* MEventsView.swift */,
			);
			path = Views;
			sourceTree = "<group>";
		};
		A114424A2BDA7B9B00AF884A /* Views */ = {
			isa = PBXGroup;
			children = (
				A133C8592BDA092C00A9597B /* LHomeView.swift */,
				A133C85B2BDA093C00A9597B /* LLibraryView.swift */,
				A133C85D2BDA094E00A9597B /* LEventsView.swift */,
			);
			path = Views;
			sourceTree = "<group>";
		};
		A114424B2BDA7BB600AF884A /* SubViews */ = {
			isa = PBXGroup;
			children = (
				A1E5C7C62BE354230078A797 /* Book Return Process */,
				A12997942BDE2CBE00099962 /* Book Issue Process */,
				A133C85F2BDA095C00A9597B /* LProfileView.swift */,
				A133C8642BDA1F8100A9597B /* ScanCode.swift */,
				A14AFBEB2BDBA6A900A29380 /* AddBookView.swift */,
				A14AFBEE2BDBB0DF00A29380 /* LBookDetailView.swift */,
				A12997902BDE253A00099962 /* LScanMember.swift */,
				A12997922BDE284600099962 /* LBookIssueView.swift */,
				A1A9BDE92BE24F4000EFF2F8 /* LRequestsView.swift */,
				A1E5C7C22BE346560078A797 /* LReservationsView.swift */,
				A1E5C7C42BE3471D0078A797 /* LRenewalsView.swift */,
				A15835032BE4D0E3003331F4 /* EditBookView.swift */,
			);
			path = SubViews;
			sourceTree = "<group>";
		};
		A12997942BDE2CBE00099962 /* Book Issue Process */ = {
			isa = PBXGroup;
			children = (
				A129978E2BDE21AF00099962 /* LMemebrDetailView.swift */,
			);
			path = "Book Issue Process";
			sourceTree = "<group>";
		};
		A133C8662BDA2E8600A9597B /* ViewModels */ = {
			isa = PBXGroup;
			children = (
				A133C8672BDA2E9600A9597B /* Book.swift */,
				A133C8692BDA2EC800A9597B /* FirebaseManager.swift */,
				A126F8AF2BDAF36100693474 /* WishlistManager.swift */,
				A14AFBFA2BDBCE8400A29380 /* Librarian.swift */,
				A1BC2DA42BDFCF3A002E3A79 /* IssuedBooks.swift */,
				A1BC2DA62BDFD5E8002E3A79 /* PreviouslyIssuedBooks.swift */,
				A19A4AEB2BE00520000604D7 /* AdminData.swift */,
				A1A9BDEB2BE2516200EFF2F8 /* ExtensionRequests.swift */,
				A17C5A182BE4A3EC0081A04E /* AllIssuedBooks.swift */,
				A15835012BE4C927003331F4 /* Reservations.swift */,
				A1D600982BE60EF1004EAA43 /* Events.swift */,
			);
			path = ViewModels;
			sourceTree = "<group>";
		};
		A14AFBF02BDBB40600A29380 /* Views */ = {
			isa = PBXGroup;
			children = (
				A14AFBF12BDBB85800A29380 /* AHomeView.swift */,
				A14AFBF32BDBB88E00A29380 /* ALibrarianView.swift */,
				A14AFBF52BDBB8F800A29380 /* AEventsView.swift */,
			);
			path = Views;
			sourceTree = "<group>";
		};
		A14AFBF72BDBC4ED00A29380 /* SubViews */ = {
			isa = PBXGroup;
			children = (
				A14AFBF82BDBC50300A29380 /* AddLibrarianView.swift */,
				A1AD8F1B2BDBF8AC00C720EF /* LibrarianDetailView.swift */,
				A19A4AE92BDFF243000604D7 /* FinePolicyView.swift */,
				A1895CDB2BE5FD8700898ED6 /* ACreateEventView.swift */,
				A13E559B2BE63320004ED7B7 /* AEventDetailView.swift */,
			);
			path = SubViews;
			sourceTree = "<group>";
		};
		A1895CD82BE5F97F00898ED6 /* Membership */ = {
			isa = PBXGroup;
			children = (
				A1895CD92BE5F99800898ED6 /* MCheckMembershipView.swift */,
			);
			path = Membership;
			sourceTree = "<group>";
		};
		A1BC2DA12BDFC71F002E3A79 /* MLibrary */ = {
			isa = PBXGroup;
			children = (
				A13C0E852BD7BD840083CCDD /* MLibraryView.swift */,
				A1BC2DA22BDFC753002E3A79 /* MLibraryGridView.swift */,
				A1A9BDE72BE24AF400EFF2F8 /* MBorrowedBookView.swift */,
				A14004532BE3848500F5615F /* MPreviouslyIssuedBooksView.swift */,
			);
			path = MLibrary;
			sourceTree = "<group>";
		};
		A1E3EADA2BD63A68001CC21A = {
			isa = PBXGroup;
			children = (
				A1E3EAE52BD63A68001CC21A /* myShelf */,
				A1E3EAE42BD63A68001CC21A /* Products */,
			);
			sourceTree = "<group>";
		};
		A1E3EAE42BD63A68001CC21A /* Products */ = {
			isa = PBXGroup;
			children = (
				A1E3EAE32BD63A68001CC21A /* myShelf.app */,
			);
			name = Products;
			sourceTree = "<group>";
		};
		A1E3EAE52BD63A68001CC21A /* myShelf */ = {
			isa = PBXGroup;
			children = (
				A115C6082BD92C8000B99E3E /* Info.plist */,
				A1E3EB062BD63BC9001CC21A /* Firebase */,
				A133C8662BDA2E8600A9597B /* ViewModels */,
				A1E3EB0F2BD63D4B001CC21A /* Views */,
				A1E3EAF42BD63A71001CC21A /* App */,
				A1E3EAE82BD63A68001CC21A /* ContentView.swift */,
				A1E3EAEA2BD63A6A001CC21A /* Assets.xcassets */,
				A1300FA62BDF83D0001926E0 /* GoogleService-Info.plist */,
				A1E3EAEC2BD63A6A001CC21A /* Preview Content */,
				A17C5A1A2BE4AF600081A04E /* TestView.swift */,
				A1F8C6CA2BE54D36008832D1 /* product.storekit */,
				A1F8C6CC2BE54D72008832D1 /* storeVM.swift */,
			);
			path = myShelf;
			sourceTree = "<group>";
		};
		A1E3EAEC2BD63A6A001CC21A /* Preview Content */ = {
			isa = PBXGroup;
			children = (
				A1E3EAED2BD63A6A001CC21A /* Preview Assets.xcassets */,
			);
			path = "Preview Content";
			sourceTree = "<group>";
		};
		A1E3EAF42BD63A71001CC21A /* App */ = {
			isa = PBXGroup;
			children = (
				A1E3EAE62BD63A68001CC21A /* myShelfApp.swift */,
			);
			path = App;
			sourceTree = "<group>";
		};
		A1E3EB062BD63BC9001CC21A /* Firebase */ = {
			isa = PBXGroup;
			children = (
				A1E3EB022BD63BC9001CC21A /* LoginView.swift */,
				A1E3EB042BD63BC9001CC21A /* RegistrationView.swift */,
				A1E3EB112BD63D6F001CC21A /* Helper */,
				A1E3EB102BD63D66001CC21A /* Model */,
			);
			path = Firebase;
			sourceTree = "<group>";
		};
		A1E3EB0F2BD63D4B001CC21A /* Views */ = {
			isa = PBXGroup;
			children = (
				A197D9922BD8F737005C18F2 /* OnboardingView.swift */,
				A1E3EB032BD63BC9001CC21A /* ProfileView.swift */,
				1FABC5C82BD7AC1C00E730FD /* Admin */,
				1FABC5C52BD7ABD100E730FD /* Librarian */,
				1FABC5C02BD7A96B00E730FD /* Member */,
			);
			path = Views;
			sourceTree = "<group>";
		};
		A1E3EB102BD63D66001CC21A /* Model */ = {
			isa = PBXGroup;
			children = (
				A1E3EB002BD63BC9001CC21A /* AuthViewModel.swift */,
			);
			path = Model;
			sourceTree = "<group>";
		};
		A1E3EB112BD63D6F001CC21A /* Helper */ = {
			isa = PBXGroup;
			children = (
				A1E3EB052BD63BC9001CC21A /* SettingsRowView.swift */,
				A1E3EB012BD63BC9001CC21A /* InputView.swift */,
			);
			path = Helper;
			sourceTree = "<group>";
		};
		A1E5C7C62BE354230078A797 /* Book Return Process */ = {
			isa = PBXGroup;
			children = (
				A1E5C7C72BE354420078A797 /* ScanReturn.swift */,
				A1E5C7C92BE3549A0078A797 /* LReturnDetailView.swift */,
				A1E5C7CB2BE36D980078A797 /* LReturnBookDetailView.swift */,
			);
			path = "Book Return Process";
			sourceTree = "<group>";
		};
/* End PBXGroup section */

/* Begin PBXNativeTarget section */
		A1E3EAE22BD63A68001CC21A /* myShelf */ = {
			isa = PBXNativeTarget;
			buildConfigurationList = A1E3EAF12BD63A6A001CC21A /* Build configuration list for PBXNativeTarget "myShelf" */;
			buildPhases = (
				A1E3EADF2BD63A68001CC21A /* Sources */,
				A1E3EAE02BD63A68001CC21A /* Frameworks */,
				A1E3EAE12BD63A68001CC21A /* Resources */,
			);
			buildRules = (
			);
			dependencies = (
			);
			name = myShelf;
			packageProductDependencies = (
				A1E3EAF62BD63BA2001CC21A /* FirebaseAuth */,
				A1E3EAF82BD63BA2001CC21A /* FirebaseDatabase */,
				A1E3EAFA2BD63BA2001CC21A /* FirebaseFirestore */,
				A1E3EAFC2BD63BA2001CC21A /* FirebaseFirestoreSwift */,
				A1E3EAFE2BD63BA2001CC21A /* FirebaseStorage */,
				A133C8622BDA1F5C00A9597B /* CodeScanner */,
			);
			productName = myShelf;
			productReference = A1E3EAE32BD63A68001CC21A /* myShelf.app */;
			productType = "com.apple.product-type.application";
		};
/* End PBXNativeTarget section */

/* Begin PBXProject section */
		A1E3EADB2BD63A68001CC21A /* Project object */ = {
			isa = PBXProject;
			attributes = {
				BuildIndependentTargetsInParallel = 1;
				LastSwiftUpdateCheck = 1530;
				LastUpgradeCheck = 1530;
				TargetAttributes = {
					A1E3EAE22BD63A68001CC21A = {
						CreatedOnToolsVersion = 15.3;
					};
				};
			};
			buildConfigurationList = A1E3EADE2BD63A68001CC21A /* Build configuration list for PBXProject "myShelf" */;
			compatibilityVersion = "Xcode 14.0";
			developmentRegion = en;
			hasScannedForEncodings = 0;
			knownRegions = (
				en,
				Base,
			);
			mainGroup = A1E3EADA2BD63A68001CC21A;
			packageReferences = (
				A1E3EAF52BD63BA2001CC21A /* XCRemoteSwiftPackageReference "firebase-ios-sdk" */,
				A133C8612BDA1F5C00A9597B /* XCRemoteSwiftPackageReference "CodeScanner" */,
			);
			productRefGroup = A1E3EAE42BD63A68001CC21A /* Products */;
			projectDirPath = "";
			projectRoot = "";
			targets = (
				A1E3EAE22BD63A68001CC21A /* myShelf */,
			);
		};
/* End PBXProject section */

/* Begin PBXResourcesBuildPhase section */
		A1E3EAE12BD63A68001CC21A /* Resources */ = {
			isa = PBXResourcesBuildPhase;
			buildActionMask = 2147483647;
			files = (
				A1F8C6CB2BE54D36008832D1 /* product.storekit in Resources */,
				A1E3EAEE2BD63A6A001CC21A /* Preview Assets.xcassets in Resources */,
				A1E3EAEB2BD63A6A001CC21A /* Assets.xcassets in Resources */,
				A1300FA72BDF83D0001926E0 /* GoogleService-Info.plist in Resources */,
			);
			runOnlyForDeploymentPostprocessing = 0;
		};
/* End PBXResourcesBuildPhase section */

/* Begin PBXSourcesBuildPhase section */
		A1E3EADF2BD63A68001CC21A /* Sources */ = {
			isa = PBXSourcesBuildPhase;
			buildActionMask = 2147483647;
			files = (
				A1E5C7C32BE346560078A797 /* LReservationsView.swift in Sources */,
				A1E3EAE92BD63A68001CC21A /* ContentView.swift in Sources */,
				A1A9BDEA2BE24F4000EFF2F8 /* LRequestsView.swift in Sources */,
				A11EAAF42BE0FE1C00B46B47 /* MSubscriptionView.swift in Sources */,
				A1A9BDEC2BE2516200EFF2F8 /* ExtensionRequests.swift in Sources */,
				A126F8AE2BDAF30F00693474 /* MWishlistView.swift in Sources */,
				A1E3EB082BD63BC9001CC21A /* InputView.swift in Sources */,
				A1895CDC2BE5FD8700898ED6 /* ACreateEventView.swift in Sources */,
				A1BC2DA32BDFC753002E3A79 /* MLibraryGridView.swift in Sources */,
				A14AFBF62BDBB8F800A29380 /* AEventsView.swift in Sources */,
				A126F8B02BDAF36100693474 /* WishlistManager.swift in Sources */,
				A15835022BE4C927003331F4 /* Reservations.swift in Sources */,
				A1E5C7CA2BE3549A0078A797 /* LReturnDetailView.swift in Sources */,
				A197D9912BD8F42A005C18F2 /* MFAQView.swift in Sources */,
				A19A4AEC2BE00520000604D7 /* AdminData.swift in Sources */,
				A14AFBFB2BDBCE8400A29380 /* Librarian.swift in Sources */,
				A1BC2DA72BDFD5E8002E3A79 /* PreviouslyIssuedBooks.swift in Sources */,
				A17C5A1B2BE4AF600081A04E /* TestView.swift in Sources */,
				A197D9932BD8F737005C18F2 /* OnboardingView.swift in Sources */,
				1FABC5CA2BD7AC2F00E730FD /* AdminView.swift in Sources */,
				A1E5C7C82BE354420078A797 /* ScanReturn.swift in Sources */,
				A133C85C2BDA093C00A9597B /* LLibraryView.swift in Sources */,
				A1E5C7CC2BE36D980078A797 /* LReturnBookDetailView.swift in Sources */,
				A12997932BDE284600099962 /* LBookIssueView.swift in Sources */,
				A129978F2BDE21AF00099962 /* LMemebrDetailView.swift in Sources */,
				A1993DE72BDA7CF000AF764B /* MBookDetailView.swift in Sources */,
				A13C0E822BD7BA630083CCDD /* MHomeView.swift in Sources */,
				A19A4AEA2BDFF243000604D7 /* FinePolicyView.swift in Sources */,
				A12997912BDE253A00099962 /* LScanMember.swift in Sources */,
				1FABC5C22BD7A9AF00E730FD /* MExploreView.swift in Sources */,
				A133C8682BDA2E9600A9597B /* Book.swift in Sources */,
				A133C8652BDA1F8100A9597B /* ScanCode.swift in Sources */,
				A1E3EAE72BD63A68001CC21A /* myShelfApp.swift in Sources */,
				A133C85A2BDA092C00A9597B /* LHomeView.swift in Sources */,
				A13E55A02BE642B4004ED7B7 /* MEventDetailView.swift in Sources */,
				A13E559C2BE63320004ED7B7 /* AEventDetailView.swift in Sources */,
				A14AFBF22BDBB85800A29380 /* AHomeView.swift in Sources */,
				A13C0E882BD7D1730083CCDD /* MProfileView.swift in Sources */,
				A1BC2DA52BDFCF3A002E3A79 /* IssuedBooks.swift in Sources */,
				A1E3EB0B2BD63BC9001CC21A /* RegistrationView.swift in Sources */,
				A1AD8F1C2BDBF8AC00C720EF /* LibrarianDetailView.swift in Sources */,
				A133C85E2BDA094E00A9597B /* LEventsView.swift in Sources */,
				A14AFBF42BDBB88E00A29380 /* ALibrarianView.swift in Sources */,
				A133C8602BDA095C00A9597B /* LProfileView.swift in Sources */,
				A14AFBEC2BDBA6A900A29380 /* AddBookView.swift in Sources */,
				A14004542BE3848500F5615F /* MPreviouslyIssuedBooksView.swift in Sources */,
				A1A9BDE82BE24AF400EFF2F8 /* MBorrowedBookView.swift in Sources */,
				A1E3EB0C2BD63BC9001CC21A /* SettingsRowView.swift in Sources */,
				A133C86A2BDA2EC800A9597B /* FirebaseManager.swift in Sources */,
				A1895CDA2BE5F99800898ED6 /* MCheckMembershipView.swift in Sources */,
				A13C0E862BD7BD840083CCDD /* MLibraryView.swift in Sources */,
				A1E3EB092BD63BC9001CC21A /* LoginView.swift in Sources */,
				A1E5C7C52BE3471D0078A797 /* LRenewalsView.swift in Sources */,
				A1E3EB0A2BD63BC9001CC21A /* ProfileView.swift in Sources */,
				1FABC5C42BD7AB7600E730FD /* MemberView.swift in Sources */,
				A13C0E842BD7BD760083CCDD /* MEventsView.swift in Sources */,
				A14AFBF92BDBC50300A29380 /* AddLibrarianView.swift in Sources */,
				A17C5A192BE4A3EC0081A04E /* AllIssuedBooks.swift in Sources */,
				1FABC5C72BD7ABF500E730FD /* LibrarianView.swift in Sources */,
				A15835042BE4D0E3003331F4 /* EditBookView.swift in Sources */,
				A1F8C6CD2BE54D72008832D1 /* storeVM.swift in Sources */,
				A14AFBEF2BDBB0DF00A29380 /* LBookDetailView.swift in Sources */,
				A1D600992BE60EF1004EAA43 /* Events.swift in Sources */,
				A10CDA302BDAB5F400756AA0 /* StarsView.swift in Sources */,
				A1E3EB072BD63BC9001CC21A /* AuthViewModel.swift in Sources */,
			);
			runOnlyForDeploymentPostprocessing = 0;
		};
/* End PBXSourcesBuildPhase section */

/* Begin XCBuildConfiguration section */
		A1E3EAEF2BD63A6A001CC21A /* Debug */ = {
			isa = XCBuildConfiguration;
			buildSettings = {
				ALWAYS_SEARCH_USER_PATHS = NO;
				ASSETCATALOG_COMPILER_GENERATE_SWIFT_ASSET_SYMBOL_EXTENSIONS = YES;
				CLANG_ANALYZER_NONNULL = YES;
				CLANG_ANALYZER_NUMBER_OBJECT_CONVERSION = YES_AGGRESSIVE;
				CLANG_CXX_LANGUAGE_STANDARD = "gnu++20";
				CLANG_ENABLE_MODULES = YES;
				CLANG_ENABLE_OBJC_ARC = YES;
				CLANG_ENABLE_OBJC_WEAK = YES;
				CLANG_WARN_BLOCK_CAPTURE_AUTORELEASING = YES;
				CLANG_WARN_BOOL_CONVERSION = YES;
				CLANG_WARN_COMMA = YES;
				CLANG_WARN_CONSTANT_CONVERSION = YES;
				CLANG_WARN_DEPRECATED_OBJC_IMPLEMENTATIONS = YES;
				CLANG_WARN_DIRECT_OBJC_ISA_USAGE = YES_ERROR;
				CLANG_WARN_DOCUMENTATION_COMMENTS = YES;
				CLANG_WARN_EMPTY_BODY = YES;
				CLANG_WARN_ENUM_CONVERSION = YES;
				CLANG_WARN_INFINITE_RECURSION = YES;
				CLANG_WARN_INT_CONVERSION = YES;
				CLANG_WARN_NON_LITERAL_NULL_CONVERSION = YES;
				CLANG_WARN_OBJC_IMPLICIT_RETAIN_SELF = YES;
				CLANG_WARN_OBJC_LITERAL_CONVERSION = YES;
				CLANG_WARN_OBJC_ROOT_CLASS = YES_ERROR;
				CLANG_WARN_QUOTED_INCLUDE_IN_FRAMEWORK_HEADER = YES;
				CLANG_WARN_RANGE_LOOP_ANALYSIS = YES;
				CLANG_WARN_STRICT_PROTOTYPES = YES;
				CLANG_WARN_SUSPICIOUS_MOVE = YES;
				CLANG_WARN_UNGUARDED_AVAILABILITY = YES_AGGRESSIVE;
				CLANG_WARN_UNREACHABLE_CODE = YES;
				CLANG_WARN__DUPLICATE_METHOD_MATCH = YES;
				COPY_PHASE_STRIP = NO;
				DEBUG_INFORMATION_FORMAT = dwarf;
				ENABLE_STRICT_OBJC_MSGSEND = YES;
				ENABLE_TESTABILITY = YES;
				ENABLE_USER_SCRIPT_SANDBOXING = YES;
				GCC_C_LANGUAGE_STANDARD = gnu17;
				GCC_DYNAMIC_NO_PIC = NO;
				GCC_NO_COMMON_BLOCKS = YES;
				GCC_OPTIMIZATION_LEVEL = 0;
				GCC_PREPROCESSOR_DEFINITIONS = (
					"DEBUG=1",
					"$(inherited)",
				);
				GCC_WARN_64_TO_32_BIT_CONVERSION = YES;
				GCC_WARN_ABOUT_RETURN_TYPE = YES_ERROR;
				GCC_WARN_UNDECLARED_SELECTOR = YES;
				GCC_WARN_UNINITIALIZED_AUTOS = YES_AGGRESSIVE;
				GCC_WARN_UNUSED_FUNCTION = YES;
				GCC_WARN_UNUSED_VARIABLE = YES;
				IPHONEOS_DEPLOYMENT_TARGET = 17.4;
				LOCALIZATION_PREFERS_STRING_CATALOGS = YES;
				MTL_ENABLE_DEBUG_INFO = INCLUDE_SOURCE;
				MTL_FAST_MATH = YES;
				ONLY_ACTIVE_ARCH = YES;
				SDKROOT = iphoneos;
				SWIFT_ACTIVE_COMPILATION_CONDITIONS = "DEBUG $(inherited)";
				SWIFT_OPTIMIZATION_LEVEL = "-Onone";
			};
			name = Debug;
		};
		A1E3EAF02BD63A6A001CC21A /* Release */ = {
			isa = XCBuildConfiguration;
			buildSettings = {
				ALWAYS_SEARCH_USER_PATHS = NO;
				ASSETCATALOG_COMPILER_GENERATE_SWIFT_ASSET_SYMBOL_EXTENSIONS = YES;
				CLANG_ANALYZER_NONNULL = YES;
				CLANG_ANALYZER_NUMBER_OBJECT_CONVERSION = YES_AGGRESSIVE;
				CLANG_CXX_LANGUAGE_STANDARD = "gnu++20";
				CLANG_ENABLE_MODULES = YES;
				CLANG_ENABLE_OBJC_ARC = YES;
				CLANG_ENABLE_OBJC_WEAK = YES;
				CLANG_WARN_BLOCK_CAPTURE_AUTORELEASING = YES;
				CLANG_WARN_BOOL_CONVERSION = YES;
				CLANG_WARN_COMMA = YES;
				CLANG_WARN_CONSTANT_CONVERSION = YES;
				CLANG_WARN_DEPRECATED_OBJC_IMPLEMENTATIONS = YES;
				CLANG_WARN_DIRECT_OBJC_ISA_USAGE = YES_ERROR;
				CLANG_WARN_DOCUMENTATION_COMMENTS = YES;
				CLANG_WARN_EMPTY_BODY = YES;
				CLANG_WARN_ENUM_CONVERSION = YES;
				CLANG_WARN_INFINITE_RECURSION = YES;
				CLANG_WARN_INT_CONVERSION = YES;
				CLANG_WARN_NON_LITERAL_NULL_CONVERSION = YES;
				CLANG_WARN_OBJC_IMPLICIT_RETAIN_SELF = YES;
				CLANG_WARN_OBJC_LITERAL_CONVERSION = YES;
				CLANG_WARN_OBJC_ROOT_CLASS = YES_ERROR;
				CLANG_WARN_QUOTED_INCLUDE_IN_FRAMEWORK_HEADER = YES;
				CLANG_WARN_RANGE_LOOP_ANALYSIS = YES;
				CLANG_WARN_STRICT_PROTOTYPES = YES;
				CLANG_WARN_SUSPICIOUS_MOVE = YES;
				CLANG_WARN_UNGUARDED_AVAILABILITY = YES_AGGRESSIVE;
				CLANG_WARN_UNREACHABLE_CODE = YES;
				CLANG_WARN__DUPLICATE_METHOD_MATCH = YES;
				COPY_PHASE_STRIP = NO;
				DEBUG_INFORMATION_FORMAT = "dwarf-with-dsym";
				ENABLE_NS_ASSERTIONS = NO;
				ENABLE_STRICT_OBJC_MSGSEND = YES;
				ENABLE_USER_SCRIPT_SANDBOXING = YES;
				GCC_C_LANGUAGE_STANDARD = gnu17;
				GCC_NO_COMMON_BLOCKS = YES;
				GCC_WARN_64_TO_32_BIT_CONVERSION = YES;
				GCC_WARN_ABOUT_RETURN_TYPE = YES_ERROR;
				GCC_WARN_UNDECLARED_SELECTOR = YES;
				GCC_WARN_UNINITIALIZED_AUTOS = YES_AGGRESSIVE;
				GCC_WARN_UNUSED_FUNCTION = YES;
				GCC_WARN_UNUSED_VARIABLE = YES;
				IPHONEOS_DEPLOYMENT_TARGET = 17.4;
				LOCALIZATION_PREFERS_STRING_CATALOGS = YES;
				MTL_ENABLE_DEBUG_INFO = NO;
				MTL_FAST_MATH = YES;
				SDKROOT = iphoneos;
				SWIFT_COMPILATION_MODE = wholemodule;
				VALIDATE_PRODUCT = YES;
			};
			name = Release;
		};
		A1E3EAF22BD63A6A001CC21A /* Debug */ = {
			isa = XCBuildConfiguration;
			buildSettings = {
				ASSETCATALOG_COMPILER_APPICON_NAME = AppIcon;
				ASSETCATALOG_COMPILER_GLOBAL_ACCENT_COLOR_NAME = AccentColor;
				CODE_SIGN_STYLE = Automatic;
				CURRENT_PROJECT_VERSION = 1;
				DEVELOPMENT_ASSET_PATHS = "\"myShelf/Preview Content\"";
				DEVELOPMENT_TEAM = S55NM539S3;
				ENABLE_PREVIEWS = YES;
				GENERATE_INFOPLIST_FILE = YES;
				INFOPLIST_FILE = myShelf/Info.plist;
				INFOPLIST_KEY_NSCameraUsageDescription = "";
				INFOPLIST_KEY_UIApplicationSceneManifest_Generation = YES;
				INFOPLIST_KEY_UIApplicationSupportsIndirectInputEvents = YES;
				INFOPLIST_KEY_UILaunchScreen_Generation = YES;
				INFOPLIST_KEY_UISupportedInterfaceOrientations_iPad = "UIInterfaceOrientationPortrait UIInterfaceOrientationPortraitUpsideDown UIInterfaceOrientationLandscapeLeft UIInterfaceOrientationLandscapeRight";
				INFOPLIST_KEY_UISupportedInterfaceOrientations_iPhone = "UIInterfaceOrientationPortrait UIInterfaceOrientationLandscapeLeft UIInterfaceOrientationLandscapeRight";
				IPHONEOS_DEPLOYMENT_TARGET = 17.0;
				LD_RUNPATH_SEARCH_PATHS = (
					"$(inherited)",
					"@executable_path/Frameworks",
				);
				MARKETING_VERSION = 1.0;
				PRODUCT_BUNDLE_IDENTIFIER = infyProject.myShelf;
				PRODUCT_NAME = "$(TARGET_NAME)";
				SWIFT_EMIT_LOC_STRINGS = YES;
				SWIFT_VERSION = 5.0;
				TARGETED_DEVICE_FAMILY = "1,2";
			};
			name = Debug;
		};
		A1E3EAF32BD63A6A001CC21A /* Release */ = {
			isa = XCBuildConfiguration;
			buildSettings = {
				ASSETCATALOG_COMPILER_APPICON_NAME = AppIcon;
				ASSETCATALOG_COMPILER_GLOBAL_ACCENT_COLOR_NAME = AccentColor;
				CODE_SIGN_IDENTITY = "Apple Development";
				CODE_SIGN_STYLE = Automatic;
				CURRENT_PROJECT_VERSION = 1;
				DEVELOPMENT_ASSET_PATHS = "\"myShelf/Preview Content\"";
				DEVELOPMENT_TEAM = S55NM539S3;
				ENABLE_PREVIEWS = YES;
				GENERATE_INFOPLIST_FILE = YES;
				INFOPLIST_FILE = myShelf/Info.plist;
				INFOPLIST_KEY_NSCameraUsageDescription = "";
				INFOPLIST_KEY_UIApplicationSceneManifest_Generation = YES;
				INFOPLIST_KEY_UIApplicationSupportsIndirectInputEvents = YES;
				INFOPLIST_KEY_UILaunchScreen_Generation = YES;
				INFOPLIST_KEY_UISupportedInterfaceOrientations_iPad = "UIInterfaceOrientationPortrait UIInterfaceOrientationPortraitUpsideDown UIInterfaceOrientationLandscapeLeft UIInterfaceOrientationLandscapeRight";
				INFOPLIST_KEY_UISupportedInterfaceOrientations_iPhone = "UIInterfaceOrientationPortrait UIInterfaceOrientationLandscapeLeft UIInterfaceOrientationLandscapeRight";
				IPHONEOS_DEPLOYMENT_TARGET = 17.0;
				LD_RUNPATH_SEARCH_PATHS = (
					"$(inherited)",
					"@executable_path/Frameworks",
				);
				MARKETING_VERSION = 1.0;
				PRODUCT_BUNDLE_IDENTIFIER = infyProject.myShelf;
				PRODUCT_NAME = "$(TARGET_NAME)";
				PROVISIONING_PROFILE_SPECIFIER = "";
				SWIFT_EMIT_LOC_STRINGS = YES;
				SWIFT_VERSION = 5.0;
				TARGETED_DEVICE_FAMILY = "1,2";
			};
			name = Release;
		};
/* End XCBuildConfiguration section */

/* Begin XCConfigurationList section */
		A1E3EADE2BD63A68001CC21A /* Build configuration list for PBXProject "myShelf" */ = {
			isa = XCConfigurationList;
			buildConfigurations = (
				A1E3EAEF2BD63A6A001CC21A /* Debug */,
				A1E3EAF02BD63A6A001CC21A /* Release */,
			);
			defaultConfigurationIsVisible = 0;
			defaultConfigurationName = Release;
		};
		A1E3EAF12BD63A6A001CC21A /* Build configuration list for PBXNativeTarget "myShelf" */ = {
			isa = XCConfigurationList;
			buildConfigurations = (
				A1E3EAF22BD63A6A001CC21A /* Debug */,
				A1E3EAF32BD63A6A001CC21A /* Release */,
			);
			defaultConfigurationIsVisible = 0;
			defaultConfigurationName = Release;
		};
/* End XCConfigurationList section */

/* Begin XCRemoteSwiftPackageReference section */
		A133C8612BDA1F5C00A9597B /* XCRemoteSwiftPackageReference "CodeScanner" */ = {
			isa = XCRemoteSwiftPackageReference;
			repositoryURL = "https://github.com/twostraws/CodeScanner";
			requirement = {
				kind = upToNextMajorVersion;
				minimumVersion = 2.4.1;
			};
		};
		A1E3EAF52BD63BA2001CC21A /* XCRemoteSwiftPackageReference "firebase-ios-sdk" */ = {
			isa = XCRemoteSwiftPackageReference;
			repositoryURL = "https://github.com/firebase/firebase-ios-sdk";
			requirement = {
				kind = upToNextMajorVersion;
				minimumVersion = 10.24.0;
			};
		};
/* End XCRemoteSwiftPackageReference section */

/* Begin XCSwiftPackageProductDependency section */
		A133C8622BDA1F5C00A9597B /* CodeScanner */ = {
			isa = XCSwiftPackageProductDependency;
			package = A133C8612BDA1F5C00A9597B /* XCRemoteSwiftPackageReference "CodeScanner" */;
			productName = CodeScanner;
		};
		A1E3EAF62BD63BA2001CC21A /* FirebaseAuth */ = {
			isa = XCSwiftPackageProductDependency;
			package = A1E3EAF52BD63BA2001CC21A /* XCRemoteSwiftPackageReference "firebase-ios-sdk" */;
			productName = FirebaseAuth;
		};
		A1E3EAF82BD63BA2001CC21A /* FirebaseDatabase */ = {
			isa = XCSwiftPackageProductDependency;
			package = A1E3EAF52BD63BA2001CC21A /* XCRemoteSwiftPackageReference "firebase-ios-sdk" */;
			productName = FirebaseDatabase;
		};
		A1E3EAFA2BD63BA2001CC21A /* FirebaseFirestore */ = {
			isa = XCSwiftPackageProductDependency;
			package = A1E3EAF52BD63BA2001CC21A /* XCRemoteSwiftPackageReference "firebase-ios-sdk" */;
			productName = FirebaseFirestore;
		};
		A1E3EAFC2BD63BA2001CC21A /* FirebaseFirestoreSwift */ = {
			isa = XCSwiftPackageProductDependency;
			package = A1E3EAF52BD63BA2001CC21A /* XCRemoteSwiftPackageReference "firebase-ios-sdk" */;
			productName = FirebaseFirestoreSwift;
		};
		A1E3EAFE2BD63BA2001CC21A /* FirebaseStorage */ = {
			isa = XCSwiftPackageProductDependency;
			package = A1E3EAF52BD63BA2001CC21A /* XCRemoteSwiftPackageReference "firebase-ios-sdk" */;
			productName = FirebaseStorage;
		};
/* End XCSwiftPackageProductDependency section */
	};
	rootObject = A1E3EADB2BD63A68001CC21A /* Project object */;
}
